
Microsoft Visual Studio Solution File, Format Version 12.00
# Visual Studio Version 16
VisualStudioVersion = 16.0.33328.57
MinimumVisualStudioVersion = 10.0.40219.1
Project("{FAE04EC0-301F-11D3-BF4B-00C04F79EFBC}") = "NZWalks.Api", "NZWalks.Api\NZWalks.Api.csproj", "{DB37D1C4-682A-4850-B67C-955FAEC3B51B}"
EndProject
Global
	GlobalSection(SolutionConfigurationPlatforms) = preSolution
		Debug|Any CPU = Debug|Any CPU
		Release|Any CPU = Release|Any CPU
	EndGlobalSection
	GlobalSection(ProjectConfigurationPlatforms) = postSolution
		{DB37D1C4-682A-4850-B67C-955FAEC3B51B}.Debug|Any CPU.ActiveCfg = Debug|Any CPU
		{DB37D1C4-682A-4850-B67C-955FAEC3B51B}.Debug|Any CPU.Build.0 = Debug|Any CPU
		{DB37D1C4-682A-4850-B67C-955FAEC3B51B}.Release|Any CPU.ActiveCfg = Release|Any CPU
		{DB37D1C4-682A-4850-B67C-955FAEC3B51B}.Release|Any CPU.Build.0 = Release|Any CPU
	EndGlobalSection
	GlobalSection(SolutionProperties) = preSolution
		HideSolutionNode = FALSE
	EndGlobalSection
	GlobalSection(ExtensibilityGlobals) = postSolution
		SolutionGuid = {FFF853C9-8557-41D6-994D-6FCD9B0D3F0A}
	EndGlobalSection
EndGlobal
